<?xml version="1.0" encoding="utf-8"?>
<Project ToolsVersion="4.0" xmlns="http://schemas.microsoft.com/developer/msbuild/2003">
  <ItemGroup>
    <ClCompile Include="dia2_i.c">
      <Filter>autogenerated</Filter>
    </ClCompile>
    <ClCompile Include="dia2_p.c">
      <Filter>autogenerated</Filter>
    </ClCompile>
    <ClCompile Include="dlldata.c">
      <Filter>autogenerated</Filter>
    </ClCompile>
    <ClCompile Include="src\CSVOutput.cpp">
      <Filter>src</Filter>
    </ClCompile>
    <ClCompile Include="src\MySQLOutput.cpp">
      <Filter>src</Filter>
    </ClCompile>
    <ClCompile Include="src\ODBCOutput.cpp">
      <Filter>src</Filter>
    </ClCompile>
    <ClCompile Include="src\DIACommon.cpp">
      <Filter>src</Filter>
    </ClCompile>
    <ClCompile Include="src\DIAInput.cpp">
      <Filter>src</Filter>
    </ClCompile>
    <ClCompile Include="src\drpdb.cpp">
      <Filter>src</Filter>
    </ClCompile>
    <ClCompile Include="src\DIADoc.cpp">
      <Filter>src</Filter>
    </ClCompile>
    <ClCompile Include="src\SQL.cpp">
      <Filter>src</Filter>
    </ClCompile>
  </ItemGroup>
  <ItemGroup>
    <ClInclude Include="src\CSVWriter.h" />
    <ClInclude Include="src\SQLSchemaWriter.h" />
    <ClInclude Include="src\stringutils.h" />
    <ClInclude Include="dia2.h">
      <Filter>autogenerated</Filter>
    </ClInclude>
    <ClInclude Include="src\DIACommon.h" />
    <ClInclude Include="src\drpdb.h" />
  </ItemGroup>
  <ItemGroup>
    <None Include="src\PDBReflection.inl" />
    <None Include="src\dia2.tlb">
      <Filter>autogenerated</Filter>
    </None>
  </ItemGroup>
  <ItemGroup>
    <Filter Include="autogenerated">
      <UniqueIdentifier>{5a1e75ea-d7e8-4402-aedb-43ed3cd3380e}</UniqueIdentifier>
    </Filter>
    <Filter Include="src">
      <UniqueIdentifier>{c6418a63-18cc-41e6-8226-5b95f0e1fae3}</UniqueIdentifier>
    </Filter>
  </ItemGroup>
</Project>